
Microsoft Visual Studio Solution File, Format Version 12.00
# Visual Studio Version 17
VisualStudioVersion = 17.12.35527.113
MinimumVisualStudioVersion = 10.0.40219.1
Project("{FAE04EC0-301F-11D3-BF4B-00C04F79EFBC}") = "Book Lending.Api", "Book Lending.Api\Book Lending.Api.csproj", "{8EC5692D-E52E-4684-B983-27C178ADC211}"
EndProject
Project("{FAE04EC0-301F-11D3-BF4B-00C04F79EFBC}") = "BookLending.Domain", "BookLending.Domain\BookLending.Domain.csproj", "{6875A6A8-E645-4ADE-82D8-22A361A3037E}"
EndProject
Project("{FAE04EC0-301F-11D3-BF4B-00C04F79EFBC}") = "BookLending.Application", "BookLending.Application\BookLending.Application.csproj", "{2E8CDB66-1B90-4B2A-AD3E-35D984144B1C}"
EndProject
Project("{FAE04EC0-301F-11D3-BF4B-00C04F79EFBC}") = "BookLending.Infrastructure", "BookLending.Infrastructure\BookLending.Infrastructure.csproj", "{5909B6A9-13F4-48E3-AC29-0A0DFF4AF5D3}"
EndProject
Project("{FAE04EC0-301F-11D3-BF4B-00C04F79EFBC}") = "Book.Testing", "Book.Testing\Book.Testing.csproj", "{5ED91688-8E2B-4150-95DA-FEB609C263A8}"
EndProject
Global
	GlobalSection(SolutionConfigurationPlatforms) = preSolution
		Debug|Any CPU = Debug|Any CPU
		Release|Any CPU = Release|Any CPU
	EndGlobalSection
	GlobalSection(ProjectConfigurationPlatforms) = postSolution
		{8EC5692D-E52E-4684-B983-27C178ADC211}.Debug|Any CPU.ActiveCfg = Debug|Any CPU
		{8EC5692D-E52E-4684-B983-27C178ADC211}.Debug|Any CPU.Build.0 = Debug|Any CPU
		{8EC5692D-E52E-4684-B983-27C178ADC211}.Release|Any CPU.ActiveCfg = Release|Any CPU
		{8EC5692D-E52E-4684-B983-27C178ADC211}.Release|Any CPU.Build.0 = Release|Any CPU
		{6875A6A8-E645-4ADE-82D8-22A361A3037E}.Debug|Any CPU.ActiveCfg = Debug|Any CPU
		{6875A6A8-E645-4ADE-82D8-22A361A3037E}.Debug|Any CPU.Build.0 = Debug|Any CPU
		{6875A6A8-E645-4ADE-82D8-22A361A3037E}.Release|Any CPU.ActiveCfg = Release|Any CPU
		{6875A6A8-E645-4ADE-82D8-22A361A3037E}.Release|Any CPU.Build.0 = Release|Any CPU
		{2E8CDB66-1B90-4B2A-AD3E-35D984144B1C}.Debug|Any CPU.ActiveCfg = Debug|Any CPU
		{2E8CDB66-1B90-4B2A-AD3E-35D984144B1C}.Debug|Any CPU.Build.0 = Debug|Any CPU
		{2E8CDB66-1B90-4B2A-AD3E-35D984144B1C}.Release|Any CPU.ActiveCfg = Release|Any CPU
		{2E8CDB66-1B90-4B2A-AD3E-35D984144B1C}.Release|Any CPU.Build.0 = Release|Any CPU
		{5909B6A9-13F4-48E3-AC29-0A0DFF4AF5D3}.Debug|Any CPU.ActiveCfg = Debug|Any CPU
		{5909B6A9-13F4-48E3-AC29-0A0DFF4AF5D3}.Debug|Any CPU.Build.0 = Debug|Any CPU
		{5909B6A9-13F4-48E3-AC29-0A0DFF4AF5D3}.Release|Any CPU.ActiveCfg = Release|Any CPU
		{5909B6A9-13F4-48E3-AC29-0A0DFF4AF5D3}.Release|Any CPU.Build.0 = Release|Any CPU
		{5ED91688-8E2B-4150-95DA-FEB609C263A8}.Debug|Any CPU.ActiveCfg = Debug|Any CPU
		{5ED91688-8E2B-4150-95DA-FEB609C263A8}.Debug|Any CPU.Build.0 = Debug|Any CPU
		{5ED91688-8E2B-4150-95DA-FEB609C263A8}.Release|Any CPU.ActiveCfg = Release|Any CPU
		{5ED91688-8E2B-4150-95DA-FEB609C263A8}.Release|Any CPU.Build.0 = Release|Any CPU
	EndGlobalSection
	GlobalSection(SolutionProperties) = preSolution
		HideSolutionNode = FALSE
	EndGlobalSection
EndGlobal
